// !$*UTF8*$!
{
	archiveVersion = 1;
	classes = {
	};
	objectVersion = 50;
	objects = {

/* Begin PBXBuildFile section */
		F005BA382429ADD9005C7770 /* XZQTeacher_Runtime.m in Sources */ = {isa = PBXBuildFile; fileRef = F005BA372429ADD9005C7770 /* XZQTeacher_Runtime.m */; };
		F00FB548242D8CF20021BAA2 /* 消息转发.jpg in Resources */ = {isa = PBXBuildFile; fileRef = F00FB547242D8CF20021BAA2 /* 消息转发.jpg */; };
		F03DD0122410FE470097D400 /* AppDelegate.m in Sources */ = {isa = PBXBuildFile; fileRef = F03DD0112410FE470097D400 /* AppDelegate.m */; };
		F03DD0152410FE470097D400 /* SceneDelegate.m in Sources */ = {isa = PBXBuildFile; fileRef = F03DD0142410FE470097D400 /* SceneDelegate.m */; };
		F03DD0182410FE470097D400 /* ViewController.mm in Sources */ = {isa = PBXBuildFile; fileRef = F03DD0172410FE470097D400 /* ViewController.mm */; };
		F03DD01B2410FE470097D400 /* Main.storyboard in Resources */ = {isa = PBXBuildFile; fileRef = F03DD0192410FE470097D400 /* Main.storyboard */; };
		F03DD01D2410FE4D0097D400 /* Assets.xcassets in Resources */ = {isa = PBXBuildFile; fileRef = F03DD01C2410FE4D0097D400 /* Assets.xcassets */; };
		F03DD0202410FE4D0097D400 /* LaunchScreen.storyboard in Resources */ = {isa = PBXBuildFile; fileRef = F03DD01E2410FE4D0097D400 /* LaunchScreen.storyboard */; };
		F03DD0232410FE4D0097D400 /* main.m in Sources */ = {isa = PBXBuildFile; fileRef = F03DD0222410FE4D0097D400 /* main.m */; };
		F06A7B8A242F2CFD003BFA0D /* XZQPerson_super.m in Sources */ = {isa = PBXBuildFile; fileRef = F06A7B89242F2CFD003BFA0D /* XZQPerson_super.m */; };
		F06A7B8D242F2D0D003BFA0D /* XZQSon_super.m in Sources */ = {isa = PBXBuildFile; fileRef = F06A7B8C242F2D0D003BFA0D /* XZQSon_super.m */; };
		F0C3B9BF2436E04100AD6DC6 /* XZQPermenantThread.m in Sources */ = {isa = PBXBuildFile; fileRef = F0C3B9BE2436E04100AD6DC6 /* XZQPermenantThread.m */; };
		F0C3B9C22436E0E100AD6DC6 /* PermenantThreadVC.m in Sources */ = {isa = PBXBuildFile; fileRef = F0C3B9C12436E0E100AD6DC6 /* PermenantThreadVC.m */; };
		F0C60D0B242998D10044451C /* XZQPerson_Runtime.m in Sources */ = {isa = PBXBuildFile; fileRef = F0C60D0A242998D10044451C /* XZQPerson_Runtime.m */; };
		F0C60D0E24299B370044451C /* XZQStudent_Runtime.m in Sources */ = {isa = PBXBuildFile; fileRef = F0C60D0D24299B370044451C /* XZQStudent_Runtime.m */; };
		F0C8D6B1243C1AD5008BFD45 /* ThreadVC.m in Sources */ = {isa = PBXBuildFile; fileRef = F0C8D6B0243C1AD5008BFD45 /* ThreadVC.m */; };
		F0C8D6B4243C2502008BFD45 /* XZQBaseLock.m in Sources */ = {isa = PBXBuildFile; fileRef = F0C8D6B3243C2502008BFD45 /* XZQBaseLock.m */; };
		F0C8D6B7243C25F0008BFD45 /* XZQOSSpinLockDemo.m in Sources */ = {isa = PBXBuildFile; fileRef = F0C8D6B6243C25F0008BFD45 /* XZQOSSpinLockDemo.m */; };
		F0CB3EE4243585B60009EB1C /* XZQThread.m in Sources */ = {isa = PBXBuildFile; fileRef = F0CB3EE3243585B60009EB1C /* XZQThread.m */; };
		F0CB3EE72435B9230009EB1C /* RunloopVC.m in Sources */ = {isa = PBXBuildFile; fileRef = F0CB3EE62435B9230009EB1C /* RunloopVC.m */; };
		F0D25DE92434249200CADE66 /* UIControl+Extension.m in Sources */ = {isa = PBXBuildFile; fileRef = F0D25DE82434249200CADE66 /* UIControl+Extension.m */; };
		F0D25DEC243428B000CADE66 /* NSMutableArray+Extension.m in Sources */ = {isa = PBXBuildFile; fileRef = F0D25DEB243428B000CADE66 /* NSMutableArray+Extension.m */; };
		F0D25DEF24342D3A00CADE66 /* NSMutableDictionary+Extension.m in Sources */ = {isa = PBXBuildFile; fileRef = F0D25DEE24342D3A00CADE66 /* NSMutableDictionary+Extension.m */; };
		F0D3E498241C6FC8001019DC /* XZQPerson.m in Sources */ = {isa = PBXBuildFile; fileRef = F0D3E497241C6FC8001019DC /* XZQPerson.m */; };
		F0D44EDA242C424600ADE4B4 /* XZQFather_Runtime.m in Sources */ = {isa = PBXBuildFile; fileRef = F0D44ED9242C424600ADE4B4 /* XZQFather_Runtime.m */; };
		F0D44EDD242C425900ADE4B4 /* XZQSon_Runtime.m in Sources */ = {isa = PBXBuildFile; fileRef = F0D44EDC242C425900ADE4B4 /* XZQSon_Runtime.m */; };
		F0D44EE0242C426D00ADE4B4 /* XZQSonOfSon_Runtime.m in Sources */ = {isa = PBXBuildFile; fileRef = F0D44EDF242C426D00ADE4B4 /* XZQSonOfSon_Runtime.m */; };
		F0D44EE3242C614100ADE4B4 /* 动态方法解析.jpg in Resources */ = {isa = PBXBuildFile; fileRef = F0D44EE1242C614100ADE4B4 /* 动态方法解析.jpg */; };
		F0D44EE4242C614100ADE4B4 /* 消息发送.jpg in Resources */ = {isa = PBXBuildFile; fileRef = F0D44EE2242C614100ADE4B4 /* 消息发送.jpg */; };
		F0D51CE824245DE00007EA21 /* XZQPerson_block.m in Sources */ = {isa = PBXBuildFile; fileRef = F0D51CE724245DE00007EA21 /* XZQPerson_block.m */; };
		F0D5B8A9241F15D4006284AF /* XZQPerson_KVC.m in Sources */ = {isa = PBXBuildFile; fileRef = F0D5B8A8241F15D4006284AF /* XZQPerson_KVC.m */; };
		F0D5B8AE241F221A006284AF /* XZQPerson_Category.m in Sources */ = {isa = PBXBuildFile; fileRef = F0D5B8AD241F221A006284AF /* XZQPerson_Category.m */; };
		F0D5B8B1241F2249006284AF /* XZQPerson_Category+Test.m in Sources */ = {isa = PBXBuildFile; fileRef = F0D5B8B0241F2249006284AF /* XZQPerson_Category+Test.m */; };
		F0D5B8B4241F2578006284AF /* XZQPerson_Category+Eat.m in Sources */ = {isa = PBXBuildFile; fileRef = F0D5B8B3241F2578006284AF /* XZQPerson_Category+Eat.m */; };
		F0DE558624206058007BF97D /* XZQStudent_Category.m in Sources */ = {isa = PBXBuildFile; fileRef = F0DE558524206058007BF97D /* XZQStudent_Category.m */; };
		F0DE558924206072007BF97D /* XZQStudent_Category+Test1.m in Sources */ = {isa = PBXBuildFile; fileRef = F0DE558824206072007BF97D /* XZQStudent_Category+Test1.m */; };
		F0DE558C2420607A007BF97D /* XZQStudent_Category+Test2.m in Sources */ = {isa = PBXBuildFile; fileRef = F0DE558B2420607A007BF97D /* XZQStudent_Category+Test2.m */; };
		F0DE558F24207BC0007BF97D /* XZQTeacher_Category.m in Sources */ = {isa = PBXBuildFile; fileRef = F0DE558E24207BC0007BF97D /* XZQTeacher_Category.m */; };
/* End PBXBuildFile section */

/* Begin PBXFileReference section */
		F005BA362429ADD9005C7770 /* XZQTeacher_Runtime.h */ = {isa = PBXFileReference; lastKnownFileType = sourcecode.c.h; path = XZQTeacher_Runtime.h; sourceTree = "<group>"; };
		F005BA372429ADD9005C7770 /* XZQTeacher_Runtime.m */ = {isa = PBXFileReference; lastKnownFileType = sourcecode.c.objc; path = XZQTeacher_Runtime.m; sourceTree = "<group>"; };
		F00A8726241A1D00000C1AA7 /* OC对象的分类.md */ = {isa = PBXFileReference; lastKnownFileType = net.daringfireball.markdown; path = "OC对象的分类.md"; sourceTree = "<group>"; };
		F00FB547242D8CF20021BAA2 /* 消息转发.jpg */ = {isa = PBXFileReference; lastKnownFileType = image.jpeg; path = "消息转发.jpg"; sourceTree = "<group>"; };
		F03DD00D2410FE470097D400 /* iOS-High-Study.app */ = {isa = PBXFileReference; explicitFileType = wrapper.application; includeInIndex = 0; path = "iOS-High-Study.app"; sourceTree = BUILT_PRODUCTS_DIR; };
		F03DD0102410FE470097D400 /* AppDelegate.h */ = {isa = PBXFileReference; lastKnownFileType = sourcecode.c.h; path = AppDelegate.h; sourceTree = "<group>"; };
		F03DD0112410FE470097D400 /* AppDelegate.m */ = {isa = PBXFileReference; lastKnownFileType = sourcecode.c.objc; path = AppDelegate.m; sourceTree = "<group>"; };
		F03DD0132410FE470097D400 /* SceneDelegate.h */ = {isa = PBXFileReference; lastKnownFileType = sourcecode.c.h; path = SceneDelegate.h; sourceTree = "<group>"; };
		F03DD0142410FE470097D400 /* SceneDelegate.m */ = {isa = PBXFileReference; lastKnownFileType = sourcecode.c.objc; path = SceneDelegate.m; sourceTree = "<group>"; };
		F03DD0162410FE470097D400 /* ViewController.h */ = {isa = PBXFileReference; lastKnownFileType = sourcecode.c.h; path = ViewController.h; sourceTree = "<group>"; };
		F03DD0172410FE470097D400 /* ViewController.mm */ = {isa = PBXFileReference; lastKnownFileType = sourcecode.cpp.objcpp; path = ViewController.mm; sourceTree = "<group>"; };
		F03DD01A2410FE470097D400 /* Base */ = {isa = PBXFileReference; lastKnownFileType = file.storyboard; name = Base; path = Base.lproj/Main.storyboard; sourceTree = "<group>"; };
		F03DD01C2410FE4D0097D400 /* Assets.xcassets */ = {isa = PBXFileReference; lastKnownFileType = folder.assetcatalog; path = Assets.xcassets; sourceTree = "<group>"; };
		F03DD01F2410FE4D0097D400 /* Base */ = {isa = PBXFileReference; lastKnownFileType = file.storyboard; name = Base; path = Base.lproj/LaunchScreen.storyboard; sourceTree = "<group>"; };
		F03DD0212410FE4D0097D400 /* Info.plist */ = {isa = PBXFileReference; lastKnownFileType = text.plist.xml; path = Info.plist; sourceTree = "<group>"; };
		F03DD0222410FE4D0097D400 /* main.m */ = {isa = PBXFileReference; lastKnownFileType = sourcecode.c.objc; path = main.m; sourceTree = "<group>"; };
		F03DD0292410FF150097D400 /* README.md */ = {isa = PBXFileReference; lastKnownFileType = net.daringfireball.markdown; path = README.md; sourceTree = "<group>"; };
		F03DD02B2410FF580097D400 /* OC对象的本质.md */ = {isa = PBXFileReference; lastKnownFileType = net.daringfireball.markdown; path = "OC对象的本质.md"; sourceTree = "<group>"; };
		F06A7B88242F2CFD003BFA0D /* XZQPerson_super.h */ = {isa = PBXFileReference; lastKnownFileType = sourcecode.c.h; path = XZQPerson_super.h; sourceTree = "<group>"; };
		F06A7B89242F2CFD003BFA0D /* XZQPerson_super.m */ = {isa = PBXFileReference; lastKnownFileType = sourcecode.c.objc; path = XZQPerson_super.m; sourceTree = "<group>"; };
		F06A7B8B242F2D0D003BFA0D /* XZQSon_super.h */ = {isa = PBXFileReference; lastKnownFileType = sourcecode.c.h; path = XZQSon_super.h; sourceTree = "<group>"; };
		F06A7B8C242F2D0D003BFA0D /* XZQSon_super.m */ = {isa = PBXFileReference; lastKnownFileType = sourcecode.c.objc; path = XZQSon_super.m; sourceTree = "<group>"; };
		F06A7B8E242F364A003BFA0D /* main.cpp */ = {isa = PBXFileReference; lastKnownFileType = sourcecode.cpp.cpp; path = main.cpp; sourceTree = "<group>"; };
		F0C3B9BD2436E04100AD6DC6 /* XZQPermenantThread.h */ = {isa = PBXFileReference; lastKnownFileType = sourcecode.c.h; path = XZQPermenantThread.h; sourceTree = "<group>"; };
		F0C3B9BE2436E04100AD6DC6 /* XZQPermenantThread.m */ = {isa = PBXFileReference; lastKnownFileType = sourcecode.c.objc; path = XZQPermenantThread.m; sourceTree = "<group>"; };
		F0C3B9C02436E0E100AD6DC6 /* PermenantThreadVC.h */ = {isa = PBXFileReference; lastKnownFileType = sourcecode.c.h; path = PermenantThreadVC.h; sourceTree = "<group>"; };
		F0C3B9C12436E0E100AD6DC6 /* PermenantThreadVC.m */ = {isa = PBXFileReference; lastKnownFileType = sourcecode.c.objc; path = PermenantThreadVC.m; sourceTree = "<group>"; };
		F0C3B9C42437038300AD6DC6 /* 多线程.md */ = {isa = PBXFileReference; lastKnownFileType = net.daringfireball.markdown; path = "多线程.md"; sourceTree = "<group>"; };
		F0C60D08242996F10044451C /* Runtime.md */ = {isa = PBXFileReference; lastKnownFileType = net.daringfireball.markdown; path = Runtime.md; sourceTree = "<group>"; };
		F0C60D09242998D10044451C /* XZQPerson_Runtime.h */ = {isa = PBXFileReference; lastKnownFileType = sourcecode.c.h; path = XZQPerson_Runtime.h; sourceTree = "<group>"; };
		F0C60D0A242998D10044451C /* XZQPerson_Runtime.m */ = {isa = PBXFileReference; lastKnownFileType = sourcecode.c.objc; path = XZQPerson_Runtime.m; sourceTree = "<group>"; };
		F0C60D0C24299B370044451C /* XZQStudent_Runtime.h */ = {isa = PBXFileReference; lastKnownFileType = sourcecode.c.h; path = XZQStudent_Runtime.h; sourceTree = "<group>"; };
		F0C60D0D24299B370044451C /* XZQStudent_Runtime.m */ = {isa = PBXFileReference; lastKnownFileType = sourcecode.c.objc; path = XZQStudent_Runtime.m; sourceTree = "<group>"; };
		F0C8D6AF243C1AD5008BFD45 /* ThreadVC.h */ = {isa = PBXFileReference; lastKnownFileType = sourcecode.c.h; path = ThreadVC.h; sourceTree = "<group>"; };
		F0C8D6B0243C1AD5008BFD45 /* ThreadVC.m */ = {isa = PBXFileReference; lastKnownFileType = sourcecode.c.objc; path = ThreadVC.m; sourceTree = "<group>"; };
		F0C8D6B2243C2502008BFD45 /* XZQBaseLock.h */ = {isa = PBXFileReference; lastKnownFileType = sourcecode.c.h; path = XZQBaseLock.h; sourceTree = "<group>"; };
		F0C8D6B3243C2502008BFD45 /* XZQBaseLock.m */ = {isa = PBXFileReference; lastKnownFileType = sourcecode.c.objc; path = XZQBaseLock.m; sourceTree = "<group>"; };
		F0C8D6B5243C25F0008BFD45 /* XZQOSSpinLockDemo.h */ = {isa = PBXFileReference; lastKnownFileType = sourcecode.c.h; path = XZQOSSpinLockDemo.h; sourceTree = "<group>"; };
		F0C8D6B6243C25F0008BFD45 /* XZQOSSpinLockDemo.m */ = {isa = PBXFileReference; lastKnownFileType = sourcecode.c.objc; path = XZQOSSpinLockDemo.m; sourceTree = "<group>"; };
		F0CB3EE2243585B60009EB1C /* XZQThread.h */ = {isa = PBXFileReference; lastKnownFileType = sourcecode.c.h; path = XZQThread.h; sourceTree = "<group>"; };
		F0CB3EE3243585B60009EB1C /* XZQThread.m */ = {isa = PBXFileReference; lastKnownFileType = sourcecode.c.objc; path = XZQThread.m; sourceTree = "<group>"; };
		F0CB3EE52435B9230009EB1C /* RunloopVC.h */ = {isa = PBXFileReference; lastKnownFileType = sourcecode.c.h; path = RunloopVC.h; sourceTree = "<group>"; };
		F0CB3EE62435B9230009EB1C /* RunloopVC.m */ = {isa = PBXFileReference; lastKnownFileType = sourcecode.c.objc; path = RunloopVC.m; sourceTree = "<group>"; };
		F0D25DE72434249200CADE66 /* UIControl+Extension.h */ = {isa = PBXFileReference; lastKnownFileType = sourcecode.c.h; path = "UIControl+Extension.h"; sourceTree = "<group>"; };
		F0D25DE82434249200CADE66 /* UIControl+Extension.m */ = {isa = PBXFileReference; lastKnownFileType = sourcecode.c.objc; path = "UIControl+Extension.m"; sourceTree = "<group>"; };
		F0D25DEA243428B000CADE66 /* NSMutableArray+Extension.h */ = {isa = PBXFileReference; lastKnownFileType = sourcecode.c.h; path = "NSMutableArray+Extension.h"; sourceTree = "<group>"; };
		F0D25DEB243428B000CADE66 /* NSMutableArray+Extension.m */ = {isa = PBXFileReference; lastKnownFileType = sourcecode.c.objc; path = "NSMutableArray+Extension.m"; sourceTree = "<group>"; };
		F0D25DED24342D3A00CADE66 /* NSMutableDictionary+Extension.h */ = {isa = PBXFileReference; lastKnownFileType = sourcecode.c.h; path = "NSMutableDictionary+Extension.h"; sourceTree = "<group>"; };
		F0D25DEE24342D3A00CADE66 /* NSMutableDictionary+Extension.m */ = {isa = PBXFileReference; lastKnownFileType = sourcecode.c.objc; path = "NSMutableDictionary+Extension.m"; sourceTree = "<group>"; };
		F0D25DF124342F0E00CADE66 /* Runloop.md */ = {isa = PBXFileReference; lastKnownFileType = net.daringfireball.markdown; path = Runloop.md; sourceTree = "<group>"; };
		F0D3E495241C6F2C001019DC /* KVO.md */ = {isa = PBXFileReference; lastKnownFileType = net.daringfireball.markdown; path = KVO.md; sourceTree = "<group>"; };
		F0D3E496241C6FC8001019DC /* XZQPerson.h */ = {isa = PBXFileReference; lastKnownFileType = sourcecode.c.h; path = XZQPerson.h; sourceTree = "<group>"; };
		F0D3E497241C6FC8001019DC /* XZQPerson.m */ = {isa = PBXFileReference; lastKnownFileType = sourcecode.c.objc; path = XZQPerson.m; sourceTree = "<group>"; };
		F0D44ED7242C41AB00ADE4B4 /* MJClassInfo.h */ = {isa = PBXFileReference; fileEncoding = 4; lastKnownFileType = sourcecode.c.h; path = MJClassInfo.h; sourceTree = "<group>"; };
		F0D44ED8242C424600ADE4B4 /* XZQFather_Runtime.h */ = {isa = PBXFileReference; lastKnownFileType = sourcecode.c.h; path = XZQFather_Runtime.h; sourceTree = "<group>"; };
		F0D44ED9242C424600ADE4B4 /* XZQFather_Runtime.m */ = {isa = PBXFileReference; lastKnownFileType = sourcecode.c.objc; path = XZQFather_Runtime.m; sourceTree = "<group>"; };
		F0D44EDB242C425900ADE4B4 /* XZQSon_Runtime.h */ = {isa = PBXFileReference; lastKnownFileType = sourcecode.c.h; path = XZQSon_Runtime.h; sourceTree = "<group>"; };
		F0D44EDC242C425900ADE4B4 /* XZQSon_Runtime.m */ = {isa = PBXFileReference; lastKnownFileType = sourcecode.c.objc; path = XZQSon_Runtime.m; sourceTree = "<group>"; };
		F0D44EDE242C426D00ADE4B4 /* XZQSonOfSon_Runtime.h */ = {isa = PBXFileReference; lastKnownFileType = sourcecode.c.h; path = XZQSonOfSon_Runtime.h; sourceTree = "<group>"; };
		F0D44EDF242C426D00ADE4B4 /* XZQSonOfSon_Runtime.m */ = {isa = PBXFileReference; lastKnownFileType = sourcecode.c.objc; path = XZQSonOfSon_Runtime.m; sourceTree = "<group>"; };
		F0D44EE1242C614100ADE4B4 /* 动态方法解析.jpg */ = {isa = PBXFileReference; lastKnownFileType = image.jpeg; path = "动态方法解析.jpg"; sourceTree = "<group>"; };
		F0D44EE2242C614100ADE4B4 /* 消息发送.jpg */ = {isa = PBXFileReference; lastKnownFileType = image.jpeg; path = "消息发送.jpg"; sourceTree = "<group>"; };
		F0D51CE624245DE00007EA21 /* XZQPerson_block.h */ = {isa = PBXFileReference; lastKnownFileType = sourcecode.c.h; path = XZQPerson_block.h; sourceTree = "<group>"; };
		F0D51CE724245DE00007EA21 /* XZQPerson_block.m */ = {isa = PBXFileReference; lastKnownFileType = sourcecode.c.objc; path = XZQPerson_block.m; sourceTree = "<group>"; };
		F0D5B8A6241F11E2006284AF /* KVC.md */ = {isa = PBXFileReference; lastKnownFileType = net.daringfireball.markdown; path = KVC.md; sourceTree = "<group>"; };
		F0D5B8A7241F15D4006284AF /* XZQPerson_KVC.h */ = {isa = PBXFileReference; lastKnownFileType = sourcecode.c.h; path = XZQPerson_KVC.h; sourceTree = "<group>"; };
		F0D5B8A8241F15D4006284AF /* XZQPerson_KVC.m */ = {isa = PBXFileReference; lastKnownFileType = sourcecode.c.objc; path = XZQPerson_KVC.m; sourceTree = "<group>"; };
		F0D5B8AB241F2119006284AF /* Category.md */ = {isa = PBXFileReference; lastKnownFileType = net.daringfireball.markdown; path = Category.md; sourceTree = "<group>"; };
		F0D5B8AC241F221A006284AF /* XZQPerson_Category.h */ = {isa = PBXFileReference; lastKnownFileType = sourcecode.c.h; path = XZQPerson_Category.h; sourceTree = "<group>"; };
		F0D5B8AD241F221A006284AF /* XZQPerson_Category.m */ = {isa = PBXFileReference; lastKnownFileType = sourcecode.c.objc; path = XZQPerson_Category.m; sourceTree = "<group>"; };
		F0D5B8AF241F2249006284AF /* XZQPerson_Category+Test.h */ = {isa = PBXFileReference; lastKnownFileType = sourcecode.c.h; path = "XZQPerson_Category+Test.h"; sourceTree = "<group>"; };
		F0D5B8B0241F2249006284AF /* XZQPerson_Category+Test.m */ = {isa = PBXFileReference; lastKnownFileType = sourcecode.c.objc; path = "XZQPerson_Category+Test.m"; sourceTree = "<group>"; };
		F0D5B8B2241F2578006284AF /* XZQPerson_Category+Eat.h */ = {isa = PBXFileReference; lastKnownFileType = sourcecode.c.h; path = "XZQPerson_Category+Eat.h"; sourceTree = "<group>"; };
		F0D5B8B3241F2578006284AF /* XZQPerson_Category+Eat.m */ = {isa = PBXFileReference; lastKnownFileType = sourcecode.c.objc; path = "XZQPerson_Category+Eat.m"; sourceTree = "<group>"; };
		F0DE558424206058007BF97D /* XZQStudent_Category.h */ = {isa = PBXFileReference; lastKnownFileType = sourcecode.c.h; path = XZQStudent_Category.h; sourceTree = "<group>"; };
		F0DE558524206058007BF97D /* XZQStudent_Category.m */ = {isa = PBXFileReference; lastKnownFileType = sourcecode.c.objc; path = XZQStudent_Category.m; sourceTree = "<group>"; };
		F0DE558724206072007BF97D /* XZQStudent_Category+Test1.h */ = {isa = PBXFileReference; lastKnownFileType = sourcecode.c.h; path = "XZQStudent_Category+Test1.h"; sourceTree = "<group>"; };
		F0DE558824206072007BF97D /* XZQStudent_Category+Test1.m */ = {isa = PBXFileReference; lastKnownFileType = sourcecode.c.objc; path = "XZQStudent_Category+Test1.m"; sourceTree = "<group>"; };
		F0DE558A2420607A007BF97D /* XZQStudent_Category+Test2.h */ = {isa = PBXFileReference; lastKnownFileType = sourcecode.c.h; path = "XZQStudent_Category+Test2.h"; sourceTree = "<group>"; };
		F0DE558B2420607A007BF97D /* XZQStudent_Category+Test2.m */ = {isa = PBXFileReference; lastKnownFileType = sourcecode.c.objc; path = "XZQStudent_Category+Test2.m"; sourceTree = "<group>"; };
		F0DE558D24207BC0007BF97D /* XZQTeacher_Category.h */ = {isa = PBXFileReference; lastKnownFileType = sourcecode.c.h; path = XZQTeacher_Category.h; sourceTree = "<group>"; };
		F0DE558E24207BC0007BF97D /* XZQTeacher_Category.m */ = {isa = PBXFileReference; lastKnownFileType = sourcecode.c.objc; path = XZQTeacher_Category.m; sourceTree = "<group>"; };
		F0F5BA1F2421C93300EEA7F9 /* block.md */ = {isa = PBXFileReference; lastKnownFileType = net.daringfireball.markdown; path = block.md; sourceTree = "<group>"; };
/* End PBXFileReference section */

/* Begin PBXFrameworksBuildPhase section */
		F03DD00A2410FE470097D400 /* Frameworks */ = {
			isa = PBXFrameworksBuildPhase;
			buildActionMask = 2147483647;
			files = (
			);
			runOnlyForDeploymentPostprocessing = 0;
		};
/* End PBXFrameworksBuildPhase section */

/* Begin PBXGroup section */
		F03C1504241B686900876475 /* KVO */ = {
			isa = PBXGroup;
			children = (
				F0D3E495241C6F2C001019DC /* KVO.md */,
				F0D3E496241C6FC8001019DC /* XZQPerson.h */,
				F0D3E497241C6FC8001019DC /* XZQPerson.m */,
			);
			path = KVO;
			sourceTree = "<group>";
		};
		F03DD0042410FE470097D400 = {
			isa = PBXGroup;
			children = (
				F03DD00F2410FE470097D400 /* iOS-High-Study */,
				F03DD00E2410FE470097D400 /* Products */,
			);
			sourceTree = "<group>";
		};
		F03DD00E2410FE470097D400 /* Products */ = {
			isa = PBXGroup;
			children = (
				F03DD00D2410FE470097D400 /* iOS-High-Study.app */,
			);
			name = Products;
			sourceTree = "<group>";
		};
		F03DD00F2410FE470097D400 /* iOS-High-Study */ = {
			isa = PBXGroup;
			children = (
				F03DD02A2410FF480097D400 /* OC对象 */,
				F03C1504241B686900876475 /* KVO */,
				F0D5B8A5241F11CB006284AF /* KVC */,
				F0D5B8AA241F2101006284AF /* Category */,
				F0F5BA1E2421C91B00EEA7F9 /* block */,
				F0C60D07242996DE0044451C /* Runtime */,
				F0D25DF024342E7D00CADE66 /* Runloop */,
				F0C3B9C32437036F00AD6DC6 /* 多线程 */,
				F03DD0102410FE470097D400 /* AppDelegate.h */,
				F03DD0112410FE470097D400 /* AppDelegate.m */,
				F03DD0132410FE470097D400 /* SceneDelegate.h */,
				F03DD0142410FE470097D400 /* SceneDelegate.m */,
				F03DD0162410FE470097D400 /* ViewController.h */,
				F03DD0172410FE470097D400 /* ViewController.mm */,
				F03DD0192410FE470097D400 /* Main.storyboard */,
				F03DD01C2410FE4D0097D400 /* Assets.xcassets */,
				F03DD01E2410FE4D0097D400 /* LaunchScreen.storyboard */,
				F03DD0212410FE4D0097D400 /* Info.plist */,
				F06A7B8E242F364A003BFA0D /* main.cpp */,
				F03DD0222410FE4D0097D400 /* main.m */,
				F03DD0292410FF150097D400 /* README.md */,
			);
			path = "iOS-High-Study";
			sourceTree = "<group>";
		};
		F03DD02A2410FF480097D400 /* OC对象 */ = {
			isa = PBXGroup;
			children = (
				F03DD02B2410FF580097D400 /* OC对象的本质.md */,
				F00A8726241A1D00000C1AA7 /* OC对象的分类.md */,
			);
			path = "OC对象";
			sourceTree = "<group>";
		};
		F06A7B87242F2CD5003BFA0D /* super */ = {
			isa = PBXGroup;
			children = (
				F06A7B88242F2CFD003BFA0D /* XZQPerson_super.h */,
				F06A7B89242F2CFD003BFA0D /* XZQPerson_super.m */,
				F06A7B8B242F2D0D003BFA0D /* XZQSon_super.h */,
				F06A7B8C242F2D0D003BFA0D /* XZQSon_super.m */,
			);
			path = super;
			sourceTree = "<group>";
		};
		F0C3B9BC2436DFA100AD6DC6 /* 线程保活 */ = {
			isa = PBXGroup;
			children = (
				F0C3B9BD2436E04100AD6DC6 /* XZQPermenantThread.h */,
				F0C3B9BE2436E04100AD6DC6 /* XZQPermenantThread.m */,
			);
			path = "线程保活";
			sourceTree = "<group>";
		};
		F0C3B9C32437036F00AD6DC6 /* 多线程 */ = {
			isa = PBXGroup;
			children = (
				F0C3B9C42437038300AD6DC6 /* 多线程.md */,
				F0C8D6AF243C1AD5008BFD45 /* ThreadVC.h */,
				F0C8D6B0243C1AD5008BFD45 /* ThreadVC.m */,
				F0C8D6B2243C2502008BFD45 /* XZQBaseLock.h */,
				F0C8D6B3243C2502008BFD45 /* XZQBaseLock.m */,
				F0C8D6B5243C25F0008BFD45 /* XZQOSSpinLockDemo.h */,
				F0C8D6B6243C25F0008BFD45 /* XZQOSSpinLockDemo.m */,
			);
			path = "多线程";
			sourceTree = "<group>";
		};
		F0C60D07242996DE0044451C /* Runtime */ = {
			isa = PBXGroup;
			children = (
				F0D25DE62434245D00CADE66 /* 方法交换 */,
				F06A7B87242F2CD5003BFA0D /* super */,
				F00FB547242D8CF20021BAA2 /* 消息转发.jpg */,
				F0D44EE1242C614100ADE4B4 /* 动态方法解析.jpg */,
				F0D44EE2242C614100ADE4B4 /* 消息发送.jpg */,
				F0C60D08242996F10044451C /* Runtime.md */,
				F0D44ED7242C41AB00ADE4B4 /* MJClassInfo.h */,
				F0D44ED8242C424600ADE4B4 /* XZQFather_Runtime.h */,
				F0D44ED9242C424600ADE4B4 /* XZQFather_Runtime.m */,
				F0D44EDB242C425900ADE4B4 /* XZQSon_Runtime.h */,
				F0D44EDC242C425900ADE4B4 /* XZQSon_Runtime.m */,
				F0D44EDE242C426D00ADE4B4 /* XZQSonOfSon_Runtime.h */,
				F0D44EDF242C426D00ADE4B4 /* XZQSonOfSon_Runtime.m */,
				F0C60D09242998D10044451C /* XZQPerson_Runtime.h */,
				F0C60D0A242998D10044451C /* XZQPerson_Runtime.m */,
				F0C60D0C24299B370044451C /* XZQStudent_Runtime.h */,
				F0C60D0D24299B370044451C /* XZQStudent_Runtime.m */,
				F005BA362429ADD9005C7770 /* XZQTeacher_Runtime.h */,
				F005BA372429ADD9005C7770 /* XZQTeacher_Runtime.m */,
			);
			path = Runtime;
			sourceTree = "<group>";
		};
		F0D25DE62434245D00CADE66 /* 方法交换 */ = {
			isa = PBXGroup;
			children = (
				F0D25DE72434249200CADE66 /* UIControl+Extension.h */,
				F0D25DE82434249200CADE66 /* UIControl+Extension.m */,
				F0D25DEA243428B000CADE66 /* NSMutableArray+Extension.h */,
				F0D25DEB243428B000CADE66 /* NSMutableArray+Extension.m */,
				F0D25DED24342D3A00CADE66 /* NSMutableDictionary+Extension.h */,
				F0D25DEE24342D3A00CADE66 /* NSMutableDictionary+Extension.m */,
			);
			path = "方法交换";
			sourceTree = "<group>";
		};
		F0D25DF024342E7D00CADE66 /* Runloop */ = {
			isa = PBXGroup;
			children = (
				F0C3B9BC2436DFA100AD6DC6 /* 线程保活 */,
				F0D25DF124342F0E00CADE66 /* Runloop.md */,
				F0CB3EE2243585B60009EB1C /* XZQThread.h */,
				F0CB3EE3243585B60009EB1C /* XZQThread.m */,
				F0CB3EE52435B9230009EB1C /* RunloopVC.h */,
				F0CB3EE62435B9230009EB1C /* RunloopVC.m */,
				F0C3B9C02436E0E100AD6DC6 /* PermenantThreadVC.h */,
				F0C3B9C12436E0E100AD6DC6 /* PermenantThreadVC.m */,
			);
			path = Runloop;
			sourceTree = "<group>";
		};
		F0D5B8A5241F11CB006284AF /* KVC */ = {
			isa = PBXGroup;
			children = (
				F0D5B8A6241F11E2006284AF /* KVC.md */,
				F0D5B8A7241F15D4006284AF /* XZQPerson_KVC.h */,
				F0D5B8A8241F15D4006284AF /* XZQPerson_KVC.m */,
			);
			path = KVC;
			sourceTree = "<group>";
		};
		F0D5B8AA241F2101006284AF /* Category */ = {
			isa = PBXGroup;
			children = (
				F0D5B8AB241F2119006284AF /* Category.md */,
				F0D5B8AC241F221A006284AF /* XZQPerson_Category.h */,
				F0D5B8AD241F221A006284AF /* XZQPerson_Category.m */,
				F0D5B8AF241F2249006284AF /* XZQPerson_Category+Test.h */,
				F0D5B8B0241F2249006284AF /* XZQPerson_Category+Test.m */,
				F0D5B8B2241F2578006284AF /* XZQPerson_Category+Eat.h */,
				F0D5B8B3241F2578006284AF /* XZQPerson_Category+Eat.m */,
				F0DE558424206058007BF97D /* XZQStudent_Category.h */,
				F0DE558524206058007BF97D /* XZQStudent_Category.m */,
				F0DE558724206072007BF97D /* XZQStudent_Category+Test1.h */,
				F0DE558824206072007BF97D /* XZQStudent_Category+Test1.m */,
				F0DE558A2420607A007BF97D /* XZQStudent_Category+Test2.h */,
				F0DE558B2420607A007BF97D /* XZQStudent_Category+Test2.m */,
				F0DE558D24207BC0007BF97D /* XZQTeacher_Category.h */,
				F0DE558E24207BC0007BF97D /* XZQTeacher_Category.m */,
			);
			path = Category;
			sourceTree = "<group>";
		};
		F0F5BA1E2421C91B00EEA7F9 /* block */ = {
			isa = PBXGroup;
			children = (
				F0F5BA1F2421C93300EEA7F9 /* block.md */,
				F0D51CE624245DE00007EA21 /* XZQPerson_block.h */,
				F0D51CE724245DE00007EA21 /* XZQPerson_block.m */,
			);
			path = block;
			sourceTree = "<group>";
		};
/* End PBXGroup section */

/* Begin PBXNativeTarget section */
		F03DD00C2410FE470097D400 /* iOS-High-Study */ = {
			isa = PBXNativeTarget;
			buildConfigurationList = F03DD0262410FE4D0097D400 /* Build configuration list for PBXNativeTarget "iOS-High-Study" */;
			buildPhases = (
				F03DD0092410FE470097D400 /* Sources */,
				F03DD00A2410FE470097D400 /* Frameworks */,
				F03DD00B2410FE470097D400 /* Resources */,
			);
			buildRules = (
			);
			dependencies = (
			);
			name = "iOS-High-Study";
			productName = "iOS-High-Study";
			productReference = F03DD00D2410FE470097D400 /* iOS-High-Study.app */;
			productType = "com.apple.product-type.application";
		};
/* End PBXNativeTarget section */

/* Begin PBXProject section */
		F03DD0052410FE470097D400 /* Project object */ = {
			isa = PBXProject;
			attributes = {
				LastUpgradeCheck = 1110;
				ORGANIZATIONNAME = Xuzq;
				TargetAttributes = {
					F03DD00C2410FE470097D400 = {
						CreatedOnToolsVersion = 11.1;
					};
				};
			};
			buildConfigurationList = F03DD0082410FE470097D400 /* Build configuration list for PBXProject "iOS-High-Study" */;
			compatibilityVersion = "Xcode 9.3";
			developmentRegion = en;
			hasScannedForEncodings = 0;
			knownRegions = (
				en,
				Base,
			);
			mainGroup = F03DD0042410FE470097D400;
			productRefGroup = F03DD00E2410FE470097D400 /* Products */;
			projectDirPath = "";
			projectRoot = "";
			targets = (
				F03DD00C2410FE470097D400 /* iOS-High-Study */,
			);
		};
/* End PBXProject section */

/* Begin PBXResourcesBuildPhase section */
		F03DD00B2410FE470097D400 /* Resources */ = {
			isa = PBXResourcesBuildPhase;
			buildActionMask = 2147483647;
			files = (
				F03DD0202410FE4D0097D400 /* LaunchScreen.storyboard in Resources */,
				F03DD01D2410FE4D0097D400 /* Assets.xcassets in Resources */,
				F0D44EE4242C614100ADE4B4 /* 消息发送.jpg in Resources */,
				F03DD01B2410FE470097D400 /* Main.storyboard in Resources */,
				F0D44EE3242C614100ADE4B4 /* 动态方法解析.jpg in Resources */,
				F00FB548242D8CF20021BAA2 /* 消息转发.jpg in Resources */,
			);
			runOnlyForDeploymentPostprocessing = 0;
		};
/* End PBXResourcesBuildPhase section */

/* Begin PBXSourcesBuildPhase section */
		F03DD0092410FE470097D400 /* Sources */ = {
			isa = PBXSourcesBuildPhase;
			buildActionMask = 2147483647;
			files = (
				F0D44EDA242C424600ADE4B4 /* XZQFather_Runtime.m in Sources */,
				F0CB3EE4243585B60009EB1C /* XZQThread.m in Sources */,
				F0C3B9C22436E0E100AD6DC6 /* PermenantThreadVC.m in Sources */,
				F0D5B8B1241F2249006284AF /* XZQPerson_Category+Test.m in Sources */,
				F0DE558924206072007BF97D /* XZQStudent_Category+Test1.m in Sources */,
				F0D5B8B4241F2578006284AF /* XZQPerson_Category+Eat.m in Sources */,
				F06A7B8D242F2D0D003BFA0D /* XZQSon_super.m in Sources */,
				F005BA382429ADD9005C7770 /* XZQTeacher_Runtime.m in Sources */,
				F0C8D6B1243C1AD5008BFD45 /* ThreadVC.m in Sources */,
				F0C60D0B242998D10044451C /* XZQPerson_Runtime.m in Sources */,
				F0D25DEC243428B000CADE66 /* NSMutableArray+Extension.m in Sources */,
				F0D25DEF24342D3A00CADE66 /* NSMutableDictionary+Extension.m in Sources */,
				F03DD0182410FE470097D400 /* ViewController.mm in Sources */,
				F0CB3EE72435B9230009EB1C /* RunloopVC.m in Sources */,
				F0D44EE0242C426D00ADE4B4 /* XZQSonOfSon_Runtime.m in Sources */,
				F0DE558F24207BC0007BF97D /* XZQTeacher_Category.m in Sources */,
				F0D25DE92434249200CADE66 /* UIControl+Extension.m in Sources */,
				F0DE558C2420607A007BF97D /* XZQStudent_Category+Test2.m in Sources */,
				F06A7B8A242F2CFD003BFA0D /* XZQPerson_super.m in Sources */,
				F03DD0122410FE470097D400 /* AppDelegate.m in Sources */,
				F0DE558624206058007BF97D /* XZQStudent_Category.m in Sources */,
				F0D51CE824245DE00007EA21 /* XZQPerson_block.m in Sources */,
				F0C3B9BF2436E04100AD6DC6 /* XZQPermenantThread.m in Sources */,
				F0D3E498241C6FC8001019DC /* XZQPerson.m in Sources */,
				F0D5B8AE241F221A006284AF /* XZQPerson_Category.m in Sources */,
				F0D44EDD242C425900ADE4B4 /* XZQSon_Runtime.m in Sources */,
				F0C8D6B4243C2502008BFD45 /* XZQBaseLock.m in Sources */,
				F0C8D6B7243C25F0008BFD45 /* XZQOSSpinLockDemo.m in Sources */,
				F0C60D0E24299B370044451C /* XZQStudent_Runtime.m in Sources */,
				F03DD0232410FE4D0097D400 /* main.m in Sources */,
				F03DD0152410FE470097D400 /* SceneDelegate.m in Sources */,
				F0D5B8A9241F15D4006284AF /* XZQPerson_KVC.m in Sources */,
			);
			runOnlyForDeploymentPostprocessing = 0;
		};
/* End PBXSourcesBuildPhase section */

/* Begin PBXVariantGroup section */
		F03DD0192410FE470097D400 /* Main.storyboard */ = {
			isa = PBXVariantGroup;
			children = (
				F03DD01A2410FE470097D400 /* Base */,
			);
			name = Main.storyboard;
			sourceTree = "<group>";
		};
		F03DD01E2410FE4D0097D400 /* LaunchScreen.storyboard */ = {
			isa = PBXVariantGroup;
			children = (
				F03DD01F2410FE4D0097D400 /* Base */,
			);
			name = LaunchScreen.storyboard;
			sourceTree = "<group>";
		};
/* End PBXVariantGroup section */

/* Begin XCBuildConfiguration section */
		F03DD0242410FE4D0097D400 /* Debug */ = {
			isa = XCBuildConfiguration;
			buildSettings = {
				ALWAYS_SEARCH_USER_PATHS = NO;
				CLANG_ANALYZER_NONNULL = YES;
				CLANG_ANALYZER_NUMBER_OBJECT_CONVERSION = YES_AGGRESSIVE;
				CLANG_CXX_LANGUAGE_STANDARD = "gnu++14";
				CLANG_CXX_LIBRARY = "libc++";
				CLANG_ENABLE_MODULES = YES;
				CLANG_ENABLE_OBJC_ARC = YES;
				CLANG_ENABLE_OBJC_WEAK = YES;
				CLANG_WARN_BLOCK_CAPTURE_AUTORELEASING = YES;
				CLANG_WARN_BOOL_CONVERSION = YES;
				CLANG_WARN_COMMA = YES;
				CLANG_WARN_CONSTANT_CONVERSION = YES;
				CLANG_WARN_DEPRECATED_OBJC_IMPLEMENTATIONS = YES;
				CLANG_WARN_DIRECT_OBJC_ISA_USAGE = YES_ERROR;
				CLANG_WARN_DOCUMENTATION_COMMENTS = YES;
				CLANG_WARN_EMPTY_BODY = YES;
				CLANG_WARN_ENUM_CONVERSION = YES;
				CLANG_WARN_INFINITE_RECURSION = YES;
				CLANG_WARN_INT_CONVERSION = YES;
				CLANG_WARN_NON_LITERAL_NULL_CONVERSION = YES;
				CLANG_WARN_OBJC_IMPLICIT_RETAIN_SELF = YES;
				CLANG_WARN_OBJC_LITERAL_CONVERSION = YES;
				CLANG_WARN_OBJC_ROOT_CLASS = YES_ERROR;
				CLANG_WARN_RANGE_LOOP_ANALYSIS = YES;
				CLANG_WARN_STRICT_PROTOTYPES = YES;
				CLANG_WARN_SUSPICIOUS_MOVE = YES;
				CLANG_WARN_UNGUARDED_AVAILABILITY = YES_AGGRESSIVE;
				CLANG_WARN_UNREACHABLE_CODE = YES;
				CLANG_WARN__DUPLICATE_METHOD_MATCH = YES;
				COPY_PHASE_STRIP = NO;
				DEBUG_INFORMATION_FORMAT = dwarf;
				ENABLE_STRICT_OBJC_MSGSEND = YES;
				ENABLE_TESTABILITY = YES;
				GCC_C_LANGUAGE_STANDARD = gnu11;
				GCC_DYNAMIC_NO_PIC = NO;
				GCC_NO_COMMON_BLOCKS = YES;
				GCC_OPTIMIZATION_LEVEL = 0;
				GCC_PREPROCESSOR_DEFINITIONS = (
					"DEBUG=1",
					"$(inherited)",
				);
				GCC_WARN_64_TO_32_BIT_CONVERSION = YES;
				GCC_WARN_ABOUT_RETURN_TYPE = YES_ERROR;
				GCC_WARN_UNDECLARED_SELECTOR = YES;
				GCC_WARN_UNINITIALIZED_AUTOS = YES_AGGRESSIVE;
				GCC_WARN_UNUSED_FUNCTION = YES;
				GCC_WARN_UNUSED_VARIABLE = YES;
				IPHONEOS_DEPLOYMENT_TARGET = 13.1;
				MTL_ENABLE_DEBUG_INFO = INCLUDE_SOURCE;
				MTL_FAST_MATH = YES;
				ONLY_ACTIVE_ARCH = YES;
				SDKROOT = iphoneos;
			};
			name = Debug;
		};
		F03DD0252410FE4D0097D400 /* Release */ = {
			isa = XCBuildConfiguration;
			buildSettings = {
				ALWAYS_SEARCH_USER_PATHS = NO;
				CLANG_ANALYZER_NONNULL = YES;
				CLANG_ANALYZER_NUMBER_OBJECT_CONVERSION = YES_AGGRESSIVE;
				CLANG_CXX_LANGUAGE_STANDARD = "gnu++14";
				CLANG_CXX_LIBRARY = "libc++";
				CLANG_ENABLE_MODULES = YES;
				CLANG_ENABLE_OBJC_ARC = YES;
				CLANG_ENABLE_OBJC_WEAK = YES;
				CLANG_WARN_BLOCK_CAPTURE_AUTORELEASING = YES;
				CLANG_WARN_BOOL_CONVERSION = YES;
				CLANG_WARN_COMMA = YES;
				CLANG_WARN_CONSTANT_CONVERSION = YES;
				CLANG_WARN_DEPRECATED_OBJC_IMPLEMENTATIONS = YES;
				CLANG_WARN_DIRECT_OBJC_ISA_USAGE = YES_ERROR;
				CLANG_WARN_DOCUMENTATION_COMMENTS = YES;
				CLANG_WARN_EMPTY_BODY = YES;
				CLANG_WARN_ENUM_CONVERSION = YES;
				CLANG_WARN_INFINITE_RECURSION = YES;
				CLANG_WARN_INT_CONVERSION = YES;
				CLANG_WARN_NON_LITERAL_NULL_CONVERSION = YES;
				CLANG_WARN_OBJC_IMPLICIT_RETAIN_SELF = YES;
				CLANG_WARN_OBJC_LITERAL_CONVERSION = YES;
				CLANG_WARN_OBJC_ROOT_CLASS = YES_ERROR;
				CLANG_WARN_RANGE_LOOP_ANALYSIS = YES;
				CLANG_WARN_STRICT_PROTOTYPES = YES;
				CLANG_WARN_SUSPICIOUS_MOVE = YES;
				CLANG_WARN_UNGUARDED_AVAILABILITY = YES_AGGRESSIVE;
				CLANG_WARN_UNREACHABLE_CODE = YES;
				CLANG_WARN__DUPLICATE_METHOD_MATCH = YES;
				COPY_PHASE_STRIP = NO;
				DEBUG_INFORMATION_FORMAT = "dwarf-with-dsym";
				ENABLE_NS_ASSERTIONS = NO;
				ENABLE_STRICT_OBJC_MSGSEND = YES;
				GCC_C_LANGUAGE_STANDARD = gnu11;
				GCC_NO_COMMON_BLOCKS = YES;
				GCC_WARN_64_TO_32_BIT_CONVERSION = YES;
				GCC_WARN_ABOUT_RETURN_TYPE = YES_ERROR;
				GCC_WARN_UNDECLARED_SELECTOR = YES;
				GCC_WARN_UNINITIALIZED_AUTOS = YES_AGGRESSIVE;
				GCC_WARN_UNUSED_FUNCTION = YES;
				GCC_WARN_UNUSED_VARIABLE = YES;
				IPHONEOS_DEPLOYMENT_TARGET = 13.1;
				MTL_ENABLE_DEBUG_INFO = NO;
				MTL_FAST_MATH = YES;
				SDKROOT = iphoneos;
				VALIDATE_PRODUCT = YES;
			};
			name = Release;
		};
		F03DD0272410FE4D0097D400 /* Debug */ = {
			isa = XCBuildConfiguration;
			buildSettings = {
				ASSETCATALOG_COMPILER_APPICON_NAME = AppIcon;
				CODE_SIGN_STYLE = Automatic;
				DEVELOPMENT_TEAM = QX8283AUA8;
				INFOPLIST_FILE = "iOS-High-Study/Info.plist";
				LD_RUNPATH_SEARCH_PATHS = (
					"$(inherited)",
					"@executable_path/Frameworks",
				);
				PRODUCT_BUNDLE_IDENTIFIER = "com.xzq.app.iOS-High-Study";
				PRODUCT_NAME = "$(TARGET_NAME)";
				TARGETED_DEVICE_FAMILY = "1,2";
			};
			name = Debug;
		};
		F03DD0282410FE4D0097D400 /* Release */ = {
			isa = XCBuildConfiguration;
			buildSettings = {
				ASSETCATALOG_COMPILER_APPICON_NAME = AppIcon;
				CODE_SIGN_STYLE = Automatic;
				DEVELOPMENT_TEAM = QX8283AUA8;
				INFOPLIST_FILE = "iOS-High-Study/Info.plist";
				LD_RUNPATH_SEARCH_PATHS = (
					"$(inherited)",
					"@executable_path/Frameworks",
				);
				PRODUCT_BUNDLE_IDENTIFIER = "com.xzq.app.iOS-High-Study";
				PRODUCT_NAME = "$(TARGET_NAME)";
				TARGETED_DEVICE_FAMILY = "1,2";
			};
			name = Release;
		};
/* End XCBuildConfiguration section */

/* Begin XCConfigurationList section */
		F03DD0082410FE470097D400 /* Build configuration list for PBXProject "iOS-High-Study" */ = {
			isa = XCConfigurationList;
			buildConfigurations = (
				F03DD0242410FE4D0097D400 /* Debug */,
				F03DD0252410FE4D0097D400 /* Release */,
			);
			defaultConfigurationIsVisible = 0;
			defaultConfigurationName = Release;
		};
		F03DD0262410FE4D0097D400 /* Build configuration list for PBXNativeTarget "iOS-High-Study" */ = {
			isa = XCConfigurationList;
			buildConfigurations = (
				F03DD0272410FE4D0097D400 /* Debug */,
				F03DD0282410FE4D0097D400 /* Release */,
			);
			defaultConfigurationIsVisible = 0;
			defaultConfigurationName = Release;
		};
/* End XCConfigurationList section */
	};
	rootObject = F03DD0052410FE470097D400 /* Project object */;
}
